
Microsoft Visual Studio Solution File, Format Version 12.00
# Visual Studio 15
VisualStudioVersion = 15.0.27428.2037
MinimumVisualStudioVersion = 10.0.40219.1
Project("{FAE04EC0-301F-11D3-BF4B-00C04F79EFBC}") = "ChangeTheLookOptions", "ChangeTheLookOptions\ChangeTheLookOptions.csproj", "{33901DA2-352F-43B5-9C19-A0DF26429167}"
EndProject
Global
	GlobalSection(SolutionConfigurationPlatforms) = preSolution
		Debug|Any CPU = Debug|Any CPU
		Release|Any CPU = Release|Any CPU
	EndGlobalSection
	GlobalSection(ProjectConfigurationPlatforms) = postSolution
		{33901DA2-352F-43B5-9C19-A0DF26429167}.Debug|Any CPU.ActiveCfg = Debug|Any CPU
		{33901DA2-352F-43B5-9C19-A0DF26429167}.Debug|Any CPU.Build.0 = Debug|Any CPU
		{33901DA2-352F-43B5-9C19-A0DF26429167}.Release|Any CPU.ActiveCfg = Release|Any CPU
		{33901DA2-352F-43B5-9C19-A0DF26429167}.Release|Any CPU.Build.0 = Release|Any CPU
	EndGlobalSection
	GlobalSection(SolutionProperties) = preSolution
		HideSolutionNode = FALSE
	EndGlobalSection
	GlobalSection(ExtensibilityGlobals) = postSolution
		SolutionGuid = {3E30DCBB-31AF-4B18-B8B3-7B6EF65A1B42}
	EndGlobalSection
EndGlobal
